
Microsoft Visual Studio Solution File, Format Version 11.00
# Visual Studio 2010
Project("{FAE04EC0-301F-11D3-BF4B-00C04F79EFBC}") = "Win8HashVerifier", "Win8HashVerifier\Win8HashVerifier.csproj", "{293669BB-9076-4843-8CB4-6B11D4C9009B}"
EndProject
Global
	GlobalSection(SolutionConfigurationPlatforms) = preSolution
		Debug|x86 = Debug|x86
		Release|x86 = Release|x86
	EndGlobalSection
	GlobalSection(ProjectConfigurationPlatforms) = postSolution
		{293669BB-9076-4843-8CB4-6B11D4C9009B}.Debug|x86.ActiveCfg = Debug|x86
		{293669BB-9076-4843-8CB4-6B11D4C9009B}.Debug|x86.Build.0 = Debug|x86
		{293669BB-9076-4843-8CB4-6B11D4C9009B}.Release|x86.ActiveCfg = Release|x86
		{293669BB-9076-4843-8CB4-6B11D4C9009B}.Release|x86.Build.0 = Release|x86
	EndGlobalSection
	GlobalSection(SolutionProperties) = preSolution
		HideSolutionNode = FALSE
	EndGlobalSection
EndGlobal
